
Microsoft Visual Studio Solution File, Format Version 12.00
# Visual Studio Version 17
VisualStudioVersion = 17.5.33530.505
MinimumVisualStudioVersion = 10.0.40219.1
Project("{FAE04EC0-301F-11D3-BF4B-00C04F79EFBC}") = "EmployeePayrollServiceDB", "EmployeePayrollServiceDB\EmployeePayrollServiceDB.csproj", "{A097DF4F-6BFA-4F97-BBC9-A96CBF7E1639}"
EndProject
Global
	GlobalSection(SolutionConfigurationPlatforms) = preSolution
		Debug|Any CPU = Debug|Any CPU
		Release|Any CPU = Release|Any CPU
	EndGlobalSection
	GlobalSection(ProjectConfigurationPlatforms) = postSolution
		{A097DF4F-6BFA-4F97-BBC9-A96CBF7E1639}.Debug|Any CPU.ActiveCfg = Debug|Any CPU
		{A097DF4F-6BFA-4F97-BBC9-A96CBF7E1639}.Debug|Any CPU.Build.0 = Debug|Any CPU
		{A097DF4F-6BFA-4F97-BBC9-A96CBF7E1639}.Release|Any CPU.ActiveCfg = Release|Any CPU
		{A097DF4F-6BFA-4F97-BBC9-A96CBF7E1639}.Release|Any CPU.Build.0 = Release|Any CPU
	EndGlobalSection
	GlobalSection(SolutionProperties) = preSolution
		HideSolutionNode = FALSE
	EndGlobalSection
	GlobalSection(ExtensibilityGlobals) = postSolution
		SolutionGuid = {2259EF3A-AAA5-4BF6-A19D-F96079789FDC}
	EndGlobalSection
EndGlobal
